
Microsoft Visual Studio Solution File, Format Version 11.00
# Visual Studio 2010
Project("{FAE04EC0-301F-11D3-BF4B-00C04F79EFBC}") = "Assembly-CSharp", "Assembly-CSharp.csproj", "{c2d3dda5-cd81-3f86-e2da-875c6c6e213e}"
EndProject
Project("{FAE04EC0-301F-11D3-BF4B-00C04F79EFBC}") = "Assembly-CSharp-Editor", "Assembly-CSharp-Editor.csproj", "{741a058f-282e-7dce-7165-4776531c1f27}"
EndProject
Global
	GlobalSection(SolutionConfigurationPlatforms) = preSolution
		Debug|Any CPU = Debug|Any CPU
	EndGlobalSection
	GlobalSection(ProjectConfigurationPlatforms) = postSolution
		{c2d3dda5-cd81-3f86-e2da-875c6c6e213e}.Debug|Any CPU.ActiveCfg = Debug|Any CPU
		{c2d3dda5-cd81-3f86-e2da-875c6c6e213e}.Debug|Any CPU.Build.0 = Debug|Any CPU
		{741a058f-282e-7dce-7165-4776531c1f27}.Debug|Any CPU.ActiveCfg = Debug|Any CPU
		{741a058f-282e-7dce-7165-4776531c1f27}.Debug|Any CPU.Build.0 = Debug|Any CPU
	EndGlobalSection
	GlobalSection(SolutionProperties) = preSolution
		HideSolutionNode = FALSE
	EndGlobalSection
EndGlobal
